
Microsoft Visual Studio Solution File, Format Version 12.00
# Visual Studio Version 16
VisualStudioVersion = 16.0.32002.261
MinimumVisualStudioVersion = 10.0.40219.1
Project("{FAE04EC0-301F-11D3-BF4B-00C04F79EFBC}") = "Substructure Area", "Substructure Area\Substructure Area.csproj", "{B582AC20-72B9-4A4A-A2B6-CB5788432E34}"
EndProject
Global
	GlobalSection(SolutionConfigurationPlatforms) = preSolution
		Debug|Any CPU = Debug|Any CPU
		Release|Any CPU = Release|Any CPU
	EndGlobalSection
	GlobalSection(ProjectConfigurationPlatforms) = postSolution
		{B582AC20-72B9-4A4A-A2B6-CB5788432E34}.Debug|Any CPU.ActiveCfg = Debug|Any CPU
		{B582AC20-72B9-4A4A-A2B6-CB5788432E34}.Debug|Any CPU.Build.0 = Debug|Any CPU
		{B582AC20-72B9-4A4A-A2B6-CB5788432E34}.Release|Any CPU.ActiveCfg = Release|Any CPU
		{B582AC20-72B9-4A4A-A2B6-CB5788432E34}.Release|Any CPU.Build.0 = Release|Any CPU
	EndGlobalSection
	GlobalSection(SolutionProperties) = preSolution
		HideSolutionNode = FALSE
	EndGlobalSection
	GlobalSection(ExtensibilityGlobals) = postSolution
		SolutionGuid = {1822EC6B-8BF3-4FB4-86BC-7AB6B398DF80}
	EndGlobalSection
EndGlobal
